
Microsoft Visual Studio Solution File, Format Version 12.00
# Visual Studio Version 17
VisualStudioVersion = 17.7.34024.191
MinimumVisualStudioVersion = 10.0.40219.1
Project("{8BC9CEB8-8B4A-11D0-8D11-00A0C91BC942}") = "Project2", "Project2\Project2.vcxproj", "{06762508-535A-48A9-B6AB-59A2F2C0C3D0}"
EndProject
Global
	GlobalSection(SolutionConfigurationPlatforms) = preSolution
		Debug|x64 = Debug|x64
		Debug|x86 = Debug|x86
		Release|x64 = Release|x64
		Release|x86 = Release|x86
	EndGlobalSection
	GlobalSection(ProjectConfigurationPlatforms) = postSolution
		{06762508-535A-48A9-B6AB-59A2F2C0C3D0}.Debug|x64.ActiveCfg = Debug|x64
		{06762508-535A-48A9-B6AB-59A2F2C0C3D0}.Debug|x64.Build.0 = Debug|x64
		{06762508-535A-48A9-B6AB-59A2F2C0C3D0}.Debug|x86.ActiveCfg = Debug|Win32
		{06762508-535A-48A9-B6AB-59A2F2C0C3D0}.Debug|x86.Build.0 = Debug|Win32
		{06762508-535A-48A9-B6AB-59A2F2C0C3D0}.Release|x64.ActiveCfg = Release|x64
		{06762508-535A-48A9-B6AB-59A2F2C0C3D0}.Release|x64.Build.0 = Release|x64
		{06762508-535A-48A9-B6AB-59A2F2C0C3D0}.Release|x86.ActiveCfg = Release|Win32
		{06762508-535A-48A9-B6AB-59A2F2C0C3D0}.Release|x86.Build.0 = Release|Win32
	EndGlobalSection
	GlobalSection(SolutionProperties) = preSolution
		HideSolutionNode = FALSE
	EndGlobalSection
	GlobalSection(ExtensibilityGlobals) = postSolution
		SolutionGuid = {569360D1-18F2-4D89-88BD-A40A65029679}
	EndGlobalSection
EndGlobal
