
Microsoft Visual Studio Solution File, Format Version 12.00
# Visual Studio Version 17
VisualStudioVersion = 17.7.34024.191
MinimumVisualStudioVersion = 10.0.40219.1
Project("{8BC9CEB8-8B4A-11D0-8D11-00A0C91BC942}") = "Project6", "Project6\Project6.vcxproj", "{00949261-DD92-46F4-AC9F-1826106CE6E9}"
EndProject
Global
	GlobalSection(SolutionConfigurationPlatforms) = preSolution
		Debug|x64 = Debug|x64
		Debug|x86 = Debug|x86
		Release|x64 = Release|x64
		Release|x86 = Release|x86
	EndGlobalSection
	GlobalSection(ProjectConfigurationPlatforms) = postSolution
		{00949261-DD92-46F4-AC9F-1826106CE6E9}.Debug|x64.ActiveCfg = Debug|x64
		{00949261-DD92-46F4-AC9F-1826106CE6E9}.Debug|x64.Build.0 = Debug|x64
		{00949261-DD92-46F4-AC9F-1826106CE6E9}.Debug|x86.ActiveCfg = Debug|Win32
		{00949261-DD92-46F4-AC9F-1826106CE6E9}.Debug|x86.Build.0 = Debug|Win32
		{00949261-DD92-46F4-AC9F-1826106CE6E9}.Release|x64.ActiveCfg = Release|x64
		{00949261-DD92-46F4-AC9F-1826106CE6E9}.Release|x64.Build.0 = Release|x64
		{00949261-DD92-46F4-AC9F-1826106CE6E9}.Release|x86.ActiveCfg = Release|Win32
		{00949261-DD92-46F4-AC9F-1826106CE6E9}.Release|x86.Build.0 = Release|Win32
	EndGlobalSection
	GlobalSection(SolutionProperties) = preSolution
		HideSolutionNode = FALSE
	EndGlobalSection
	GlobalSection(ExtensibilityGlobals) = postSolution
		SolutionGuid = {14CD62A5-A440-4D26-8DE3-EF55E8403AA1}
	EndGlobalSection
EndGlobal
